// !$*UTF8*$!
{
	archiveVersion = 1;
	classes = {
	};
	objectVersion = 46;
	objects = {

/* Begin PBXBuildFile section */
		A322FEDB1EF2DD6900E73AE4 /* StrBlob.cpp in Sources */ = {isa = PBXBuildFile; fileRef = A322FED91EF2DD6900E73AE4 /* StrBlob.cpp */; };
		CC93C6521EF14B8E006B4D54 /* main.cpp in Sources */ = {isa = PBXBuildFile; fileRef = CC93C6511EF14B8E006B4D54 /* main.cpp */; };
/* End PBXBuildFile section */

/* Begin PBXCopyFilesBuildPhase section */
		CC93C64C1EF14B8E006B4D54 /* CopyFiles */ = {
			isa = PBXCopyFilesBuildPhase;
			buildActionMask = 2147483647;
			dstPath = /usr/share/man/man1/;
			dstSubfolderSpec = 0;
			files = (
			);
			runOnlyForDeploymentPostprocessing = 1;
		};
/* End PBXCopyFilesBuildPhase section */

/* Begin PBXFileReference section */
		A322FED91EF2DD6900E73AE4 /* StrBlob.cpp */ = {isa = PBXFileReference; fileEncoding = 4; lastKnownFileType = sourcecode.cpp.cpp; path = StrBlob.cpp; sourceTree = "<group>"; };
		A322FEDA1EF2DD6900E73AE4 /* StrBlob.hpp */ = {isa = PBXFileReference; fileEncoding = 4; lastKnownFileType = sourcecode.cpp.h; path = StrBlob.hpp; sourceTree = "<group>"; };
		CC93C64E1EF14B8E006B4D54 /* 02.SmartPointer */ = {isa = PBXFileReference; explicitFileType = "compiled.mach-o.executable"; includeInIndex = 0; path = 02.SmartPointer; sourceTree = BUILT_PRODUCTS_DIR; };
		CC93C6511EF14B8E006B4D54 /* main.cpp */ = {isa = PBXFileReference; lastKnownFileType = sourcecode.cpp.cpp; path = main.cpp; sourceTree = "<group>"; };
/* End PBXFileReference section */

/* Begin PBXFrameworksBuildPhase section */
		CC93C64B1EF14B8E006B4D54 /* Frameworks */ = {
			isa = PBXFrameworksBuildPhase;
			buildActionMask = 2147483647;
			files = (
			);
			runOnlyForDeploymentPostprocessing = 0;
		};
/* End PBXFrameworksBuildPhase section */

/* Begin PBXGroup section */
		CC93C6451EF14B8E006B4D54 = {
			isa = PBXGroup;
			children = (
				CC93C6501EF14B8E006B4D54 /* 02.SmartPointer */,
				CC93C64F1EF14B8E006B4D54 /* Products */,
			);
			sourceTree = "<group>";
		};
		CC93C64F1EF14B8E006B4D54 /* Products */ = {
			isa = PBXGroup;
			children = (
				CC93C64E1EF14B8E006B4D54 /* 02.SmartPointer */,
			);
			name = Products;
			sourceTree = "<group>";
		};
		CC93C6501EF14B8E006B4D54 /* 02.SmartPointer */ = {
			isa = PBXGroup;
			children = (
				CC93C6511EF14B8E006B4D54 /* main.cpp */,
				A322FED91EF2DD6900E73AE4 /* StrBlob.cpp */,
				A322FEDA1EF2DD6900E73AE4 /* StrBlob.hpp */,
			);
			path = 02.SmartPointer;
			sourceTree = "<group>";
		};
/* End PBXGroup section */

/* Begin PBXNativeTarget section */
		CC93C64D1EF14B8E006B4D54 /* 02.SmartPointer */ = {
			isa = PBXNativeTarget;
			buildConfigurationList = CC93C6551EF14B8E006B4D54 /* Build configuration list for PBXNativeTarget "02.SmartPointer" */;
			buildPhases = (
				CC93C64A1EF14B8E006B4D54 /* Sources */,
				CC93C64B1EF14B8E006B4D54 /* Frameworks */,
				CC93C64C1EF14B8E006B4D54 /* CopyFiles */,
			);
			buildRules = (
			);
			dependencies = (
			);
			name = 02.SmartPointer;
			productName = 02.SmartPointer;
			productReference = CC93C64E1EF14B8E006B4D54 /* 02.SmartPointer */;
			productType = "com.apple.product-type.tool";
		};
/* End PBXNativeTarget section */

/* Begin PBXProject section */
		CC93C6461EF14B8E006B4D54 /* Project object */ = {
			isa = PBXProject;
			attributes = {
				LastUpgradeCheck = 0830;
				ORGANIZATIONNAME = jingjing;
				TargetAttributes = {
					CC93C64D1EF14B8E006B4D54 = {
						CreatedOnToolsVersion = 8.3.2;
						ProvisioningStyle = Automatic;
					};
				};
			};
			buildConfigurationList = CC93C6491EF14B8E006B4D54 /* Build configuration list for PBXProject "02.SmartPointer" */;
			compatibilityVersion = "Xcode 3.2";
			developmentRegion = English;
			hasScannedForEncodings = 0;
			knownRegions = (
				en,
			);
			mainGroup = CC93C6451EF14B8E006B4D54;
			productRefGroup = CC93C64F1EF14B8E006B4D54 /* Products */;
			projectDirPath = "";
			projectRoot = "";
			targets = (
				CC93C64D1EF14B8E006B4D54 /* 02.SmartPointer */,
			);
		};
/* End PBXProject section */

/* Begin PBXSourcesBuildPhase section */
		CC93C64A1EF14B8E006B4D54 /* Sources */ = {
			isa = PBXSourcesBuildPhase;
			buildActionMask = 2147483647;
			files = (
				A322FEDB1EF2DD6900E73AE4 /* StrBlob.cpp in Sources */,
				CC93C6521EF14B8E006B4D54 /* main.cpp in Sources */,
			);
			runOnlyForDeploymentPostprocessing = 0;
		};
/* End PBXSourcesBuildPhase section */

/* Begin XCBuildConfiguration section */
		CC93C6531EF14B8E006B4D54 /* Debug */ = {
			isa = XCBuildConfiguration;
			buildSettings = {
				ALWAYS_SEARCH_USER_PATHS = NO;
				CLANG_ANALYZER_NONNULL = YES;
				CLANG_ANALYZER_NUMBER_OBJECT_CONVERSION = YES_AGGRESSIVE;
				CLANG_CXX_LANGUAGE_STANDARD = "gnu++0x";
				CLANG_CXX_LIBRARY = "libc++";
				CLANG_ENABLE_MODULES = YES;
				CLANG_ENABLE_OBJC_ARC = YES;
				CLANG_WARN_BOOL_CONVERSION = YES;
				CLANG_WARN_CONSTANT_CONVERSION = YES;
				CLANG_WARN_DIRECT_OBJC_ISA_USAGE = YES_ERROR;
				CLANG_WARN_DOCUMENTATION_COMMENTS = YES;
				CLANG_WARN_EMPTY_BODY = YES;
				CLANG_WARN_ENUM_CONVERSION = YES;
				CLANG_WARN_INFINITE_RECURSION = YES;
				CLANG_WARN_INT_CONVERSION = YES;
				CLANG_WARN_OBJC_ROOT_CLASS = YES_ERROR;
				CLANG_WARN_SUSPICIOUS_MOVE = YES;
				CLANG_WARN_UNREACHABLE_CODE = YES;
				CLANG_WARN__DUPLICATE_METHOD_MATCH = YES;
				CODE_SIGN_IDENTITY = "-";
				COPY_PHASE_STRIP = NO;
				DEBUG_INFORMATION_FORMAT = dwarf;
				ENABLE_STRICT_OBJC_MSGSEND = YES;
				ENABLE_TESTABILITY = YES;
				GCC_C_LANGUAGE_STANDARD = gnu99;
				GCC_DYNAMIC_NO_PIC = NO;
				GCC_NO_COMMON_BLOCKS = YES;
				GCC_OPTIMIZATION_LEVEL = 0;
				GCC_PREPROCESSOR_DEFINITIONS = (
					"DEBUG=1",
					"$(inherited)",
				);
				GCC_WARN_64_TO_32_BIT_CONVERSION = YES;
				GCC_WARN_ABOUT_RETURN_TYPE = YES_ERROR;
				GCC_WARN_UNDECLARED_SELECTOR = YES;
				GCC_WARN_UNINITIALIZED_AUTOS = YES_AGGRESSIVE;
				GCC_WARN_UNUSED_FUNCTION = YES;
				GCC_WARN_UNUSED_VARIABLE = YES;
				MACOSX_DEPLOYMENT_TARGET = 10.12;
				MTL_ENABLE_DEBUG_INFO = YES;
				ONLY_ACTIVE_ARCH = YES;
				SDKROOT = macosx;
			};
			name = Debug;
		};
		CC93C6541EF14B8E006B4D54 /* Release */ = {
			isa = XCBuildConfiguration;
			buildSettings = {
				ALWAYS_SEARCH_USER_PATHS = NO;
				CLANG_ANALYZER_NONNULL = YES;
				CLANG_ANALYZER_NUMBER_OBJECT_CONVERSION = YES_AGGRESSIVE;
				CLANG_CXX_LANGUAGE_STANDARD = "gnu++0x";
				CLANG_CXX_LIBRARY = "libc++";
				CLANG_ENABLE_MODULES = YES;
				CLANG_ENABLE_OBJC_ARC = YES;
				CLANG_WARN_BOOL_CONVERSION = YES;
				CLANG_WARN_CONSTANT_CONVERSION = YES;
				CLANG_WARN_DIRECT_OBJC_ISA_USAGE = YES_ERROR;
				CLANG_WARN_DOCUMENTATION_COMMENTS = YES;
				CLANG_WARN_EMPTY_BODY = YES;
				CLANG_WARN_ENUM_CONVERSION = YES;
				CLANG_WARN_INFINITE_RECURSION = YES;
				CLANG_WARN_INT_CONVERSION = YES;
				CLANG_WARN_OBJC_ROOT_CLASS = YES_ERROR;
				CLANG_WARN_SUSPICIOUS_MOVE = YES;
				CLANG_WARN_UNREACHABLE_CODE = YES;
				CLANG_WARN__DUPLICATE_METHOD_MATCH = YES;
				CODE_SIGN_IDENTITY = "-";
				COPY_PHASE_STRIP = NO;
				DEBUG_INFORMATION_FORMAT = "dwarf-with-dsym";
				ENABLE_NS_ASSERTIONS = NO;
				ENABLE_STRICT_OBJC_MSGSEND = YES;
				GCC_C_LANGUAGE_STANDARD = gnu99;
				GCC_NO_COMMON_BLOCKS = YES;
				GCC_WARN_64_TO_32_BIT_CONVERSION = YES;
				GCC_WARN_ABOUT_RETURN_TYPE = YES_ERROR;
				GCC_WARN_UNDECLARED_SELECTOR = YES;
				GCC_WARN_UNINITIALIZED_AUTOS = YES_AGGRESSIVE;
				GCC_WARN_UNUSED_FUNCTION = YES;
				GCC_WARN_UNUSED_VARIABLE = YES;
				MACOSX_DEPLOYMENT_TARGET = 10.12;
				MTL_ENABLE_DEBUG_INFO = NO;
				SDKROOT = macosx;
			};
			name = Release;
		};
		CC93C6561EF14B8E006B4D54 /* Debug */ = {
			isa = XCBuildConfiguration;
			buildSettings = {
				PRODUCT_NAME = "$(TARGET_NAME)";
			};
			name = Debug;
		};
		CC93C6571EF14B8E006B4D54 /* Release */ = {
			isa = XCBuildConfiguration;
			buildSettings = {
				PRODUCT_NAME = "$(TARGET_NAME)";
			};
			name = Release;
		};
/* End XCBuildConfiguration section */

/* Begin XCConfigurationList section */
		CC93C6491EF14B8E006B4D54 /* Build configuration list for PBXProject "02.SmartPointer" */ = {
			isa = XCConfigurationList;
			buildConfigurations = (
				CC93C6531EF14B8E006B4D54 /* Debug */,
				CC93C6541EF14B8E006B4D54 /* Release */,
			);
			defaultConfigurationIsVisible = 0;
			defaultConfigurationName = Release;
		};
		CC93C6551EF14B8E006B4D54 /* Build configuration list for PBXNativeTarget "02.SmartPointer" */ = {
			isa = XCConfigurationList;
			buildConfigurations = (
				CC93C6561EF14B8E006B4D54 /* Debug */,
				CC93C6571EF14B8E006B4D54 /* Release */,
			);
			defaultConfigurationIsVisible = 0;
			defaultConfigurationName = Release;
		};
/* End XCConfigurationList section */
	};
	rootObject = CC93C6461EF14B8E006B4D54 /* Project object */;
}
